// !$*UTF8*$!
{
	archiveVersion = 1;
	classes = {
	};
	objectVersion = 50;
	objects = {

/* Begin PBXBuildFile section */
		034D7FAF2287D675001BB103 /* AppDelegate.swift in Sources */ = {isa = PBXBuildFile; fileRef = 034D7FAE2287D675001BB103 /* AppDelegate.swift */; };
		034D7FB12287D675001BB103 /* ViewController.swift in Sources */ = {isa = PBXBuildFile; fileRef = 034D7FB02287D675001BB103 /* ViewController.swift */; };
		034D7FB42287D675001BB103 /* Main.storyboard in Resources */ = {isa = PBXBuildFile; fileRef = 034D7FB22287D675001BB103 /* Main.storyboard */; };
		034D7FB62287D677001BB103 /* Assets.xcassets in Resources */ = {isa = PBXBuildFile; fileRef = 034D7FB52287D677001BB103 /* Assets.xcassets */; };
		034D7FB92287D677001BB103 /* LaunchScreen.storyboard in Resources */ = {isa = PBXBuildFile; fileRef = 034D7FB72287D677001BB103 /* LaunchScreen.storyboard */; };
		034D7FBE2287D677001BB103 /* Calculator WatchKit App.app in Embed Watch Content */ = {isa = PBXBuildFile; fileRef = 034D7FBD2287D677001BB103 /* Calculator WatchKit App.app */; };
		034D7FC42287D677001BB103 /* Interface.storyboard in Resources */ = {isa = PBXBuildFile; fileRef = 034D7FC22287D677001BB103 /* Interface.storyboard */; };
		034D7FC62287D678001BB103 /* Assets.xcassets in Resources */ = {isa = PBXBuildFile; fileRef = 034D7FC52287D678001BB103 /* Assets.xcassets */; };
		034D7FCD2287D678001BB103 /* Calculator WatchKit Extension.appex in Embed App Extensions */ = {isa = PBXBuildFile; fileRef = 034D7FCC2287D678001BB103 /* Calculator WatchKit Extension.appex */; settings = {ATTRIBUTES = (RemoveHeadersOnCopy, ); }; };
		034D7FD22287D678001BB103 /* NumberInputInterfaceController.swift in Sources */ = {isa = PBXBuildFile; fileRef = 034D7FD12287D678001BB103 /* NumberInputInterfaceController.swift */; };
		034D7FD42287D678001BB103 /* ExtensionDelegate.swift in Sources */ = {isa = PBXBuildFile; fileRef = 034D7FD32287D678001BB103 /* ExtensionDelegate.swift */; };
		034D7FD62287D678001BB103 /* ComplicationController.swift in Sources */ = {isa = PBXBuildFile; fileRef = 034D7FD52287D678001BB103 /* ComplicationController.swift */; };
		034D7FD82287D679001BB103 /* Assets.xcassets in Resources */ = {isa = PBXBuildFile; fileRef = 034D7FD72287D679001BB103 /* Assets.xcassets */; };
		034D7FE92287E982001BB103 /* Announcements.swift in Sources */ = {isa = PBXBuildFile; fileRef = 034D7FE82287E982001BB103 /* Announcements.swift */; };
		034D7FEB2287EB6B001BB103 /* BasicFunctionInterfaceController.swift in Sources */ = {isa = PBXBuildFile; fileRef = 034D7FEA2287EB6B001BB103 /* BasicFunctionInterfaceController.swift */; };
		034D7FED2287EC0D001BB103 /* TrigFunctionsInterfaceController.swift in Sources */ = {isa = PBXBuildFile; fileRef = 034D7FEC2287EC0D001BB103 /* TrigFunctionsInterfaceController.swift */; };
		034D7FEF2287EC9B001BB103 /* Functions.swift in Sources */ = {isa = PBXBuildFile; fileRef = 034D7FEE2287EC9B001BB103 /* Functions.swift */; };
/* End PBXBuildFile section */

/* Begin PBXContainerItemProxy section */
		034D7FBF2287D677001BB103 /* PBXContainerItemProxy */ = {
			isa = PBXContainerItemProxy;
			containerPortal = 034D7FA32287D675001BB103 /* Project object */;
			proxyType = 1;
			remoteGlobalIDString = 034D7FBC2287D677001BB103;
			remoteInfo = "Calculator WatchKit App";
		};
		034D7FCE2287D678001BB103 /* PBXContainerItemProxy */ = {
			isa = PBXContainerItemProxy;
			containerPortal = 034D7FA32287D675001BB103 /* Project object */;
			proxyType = 1;
			remoteGlobalIDString = 034D7FCB2287D678001BB103;
			remoteInfo = "Calculator WatchKit Extension";
		};
/* End PBXContainerItemProxy section */

/* Begin PBXCopyFilesBuildPhase section */
		034D7FDF2287D679001BB103 /* Embed App Extensions */ = {
			isa = PBXCopyFilesBuildPhase;
			buildActionMask = 2147483647;
			dstPath = "";
			dstSubfolderSpec = 13;
			files = (
				034D7FCD2287D678001BB103 /* Calculator WatchKit Extension.appex in Embed App Extensions */,
			);
			name = "Embed App Extensions";
			runOnlyForDeploymentPostprocessing = 0;
		};
		034D7FE32287D679001BB103 /* Embed Watch Content */ = {
			isa = PBXCopyFilesBuildPhase;
			buildActionMask = 2147483647;
			dstPath = "$(CONTENTS_FOLDER_PATH)/Watch";
			dstSubfolderSpec = 16;
			files = (
				034D7FBE2287D677001BB103 /* Calculator WatchKit App.app in Embed Watch Content */,
			);
			name = "Embed Watch Content";
			runOnlyForDeploymentPostprocessing = 0;
		};
/* End PBXCopyFilesBuildPhase section */

/* Begin PBXFileReference section */
		034D7FAB2287D675001BB103 /* Calculator.app */ = {isa = PBXFileReference; explicitFileType = wrapper.application; includeInIndex = 0; path = Calculator.app; sourceTree = BUILT_PRODUCTS_DIR; };
		034D7FAE2287D675001BB103 /* AppDelegate.swift */ = {isa = PBXFileReference; lastKnownFileType = sourcecode.swift; path = AppDelegate.swift; sourceTree = "<group>"; };
		034D7FB02287D675001BB103 /* ViewController.swift */ = {isa = PBXFileReference; lastKnownFileType = sourcecode.swift; path = ViewController.swift; sourceTree = "<group>"; };
		034D7FB32287D675001BB103 /* Base */ = {isa = PBXFileReference; lastKnownFileType = file.storyboard; name = Base; path = Base.lproj/Main.storyboard; sourceTree = "<group>"; };
		034D7FB52287D677001BB103 /* Assets.xcassets */ = {isa = PBXFileReference; lastKnownFileType = folder.assetcatalog; path = Assets.xcassets; sourceTree = "<group>"; };
		034D7FB82287D677001BB103 /* Base */ = {isa = PBXFileReference; lastKnownFileType = file.storyboard; name = Base; path = Base.lproj/LaunchScreen.storyboard; sourceTree = "<group>"; };
		034D7FBA2287D677001BB103 /* Info.plist */ = {isa = PBXFileReference; lastKnownFileType = text.plist.xml; path = Info.plist; sourceTree = "<group>"; };
		034D7FBD2287D677001BB103 /* Calculator WatchKit App.app */ = {isa = PBXFileReference; explicitFileType = wrapper.application; includeInIndex = 0; path = "Calculator WatchKit App.app"; sourceTree = BUILT_PRODUCTS_DIR; };
		034D7FC32287D677001BB103 /* Base */ = {isa = PBXFileReference; lastKnownFileType = file.storyboard; name = Base; path = Base.lproj/Interface.storyboard; sourceTree = "<group>"; };
		034D7FC52287D678001BB103 /* Assets.xcassets */ = {isa = PBXFileReference; lastKnownFileType = folder.assetcatalog; path = Assets.xcassets; sourceTree = "<group>"; };
		034D7FC72287D678001BB103 /* Info.plist */ = {isa = PBXFileReference; lastKnownFileType = text.plist.xml; path = Info.plist; sourceTree = "<group>"; };
		034D7FCC2287D678001BB103 /* Calculator WatchKit Extension.appex */ = {isa = PBXFileReference; explicitFileType = "wrapper.app-extension"; includeInIndex = 0; path = "Calculator WatchKit Extension.appex"; sourceTree = BUILT_PRODUCTS_DIR; };
		034D7FD12287D678001BB103 /* NumberInputInterfaceController.swift */ = {isa = PBXFileReference; lastKnownFileType = sourcecode.swift; path = NumberInputInterfaceController.swift; sourceTree = "<group>"; };
		034D7FD32287D678001BB103 /* ExtensionDelegate.swift */ = {isa = PBXFileReference; lastKnownFileType = sourcecode.swift; path = ExtensionDelegate.swift; sourceTree = "<group>"; };
		034D7FD52287D678001BB103 /* ComplicationController.swift */ = {isa = PBXFileReference; lastKnownFileType = sourcecode.swift; path = ComplicationController.swift; sourceTree = "<group>"; };
		034D7FD72287D679001BB103 /* Assets.xcassets */ = {isa = PBXFileReference; lastKnownFileType = folder.assetcatalog; path = Assets.xcassets; sourceTree = "<group>"; };
		034D7FD92287D679001BB103 /* Info.plist */ = {isa = PBXFileReference; lastKnownFileType = text.plist.xml; path = Info.plist; sourceTree = "<group>"; };
		034D7FE82287E982001BB103 /* Announcements.swift */ = {isa = PBXFileReference; lastKnownFileType = sourcecode.swift; path = Announcements.swift; sourceTree = "<group>"; };
		034D7FEA2287EB6B001BB103 /* BasicFunctionInterfaceController.swift */ = {isa = PBXFileReference; lastKnownFileType = sourcecode.swift; path = BasicFunctionInterfaceController.swift; sourceTree = "<group>"; };
		034D7FEC2287EC0D001BB103 /* TrigFunctionsInterfaceController.swift */ = {isa = PBXFileReference; lastKnownFileType = sourcecode.swift; path = TrigFunctionsInterfaceController.swift; sourceTree = "<group>"; };
		034D7FEE2287EC9B001BB103 /* Functions.swift */ = {isa = PBXFileReference; lastKnownFileType = sourcecode.swift; path = Functions.swift; sourceTree = "<group>"; };
/* End PBXFileReference section */

/* Begin PBXFrameworksBuildPhase section */
		034D7FA82287D675001BB103 /* Frameworks */ = {
			isa = PBXFrameworksBuildPhase;
			buildActionMask = 2147483647;
			files = (
			);
			runOnlyForDeploymentPostprocessing = 0;
		};
		034D7FC92287D678001BB103 /* Frameworks */ = {
			isa = PBXFrameworksBuildPhase;
			buildActionMask = 2147483647;
			files = (
			);
			runOnlyForDeploymentPostprocessing = 0;
		};
/* End PBXFrameworksBuildPhase section */

/* Begin PBXGroup section */
		034D7FA22287D675001BB103 = {
			isa = PBXGroup;
			children = (
				034D7FAD2287D675001BB103 /* Calculator */,
				034D7FC12287D677001BB103 /* Calculator WatchKit App */,
				034D7FD02287D678001BB103 /* Calculator WatchKit Extension */,
				034D7FAC2287D675001BB103 /* Products */,
			);
			sourceTree = "<group>";
		};
		034D7FAC2287D675001BB103 /* Products */ = {
			isa = PBXGroup;
			children = (
				034D7FAB2287D675001BB103 /* Calculator.app */,
				034D7FBD2287D677001BB103 /* Calculator WatchKit App.app */,
				034D7FCC2287D678001BB103 /* Calculator WatchKit Extension.appex */,
			);
			name = Products;
			sourceTree = "<group>";
		};
		034D7FAD2287D675001BB103 /* Calculator */ = {
			isa = PBXGroup;
			children = (
				034D7FAE2287D675001BB103 /* AppDelegate.swift */,
				034D7FB02287D675001BB103 /* ViewController.swift */,
				034D7FB22287D675001BB103 /* Main.storyboard */,
				034D7FB52287D677001BB103 /* Assets.xcassets */,
				034D7FB72287D677001BB103 /* LaunchScreen.storyboard */,
				034D7FBA2287D677001BB103 /* Info.plist */,
			);
			path = Calculator;
			sourceTree = "<group>";
		};
		034D7FC12287D677001BB103 /* Calculator WatchKit App */ = {
			isa = PBXGroup;
			children = (
				034D7FC22287D677001BB103 /* Interface.storyboard */,
				034D7FC52287D678001BB103 /* Assets.xcassets */,
				034D7FC72287D678001BB103 /* Info.plist */,
			);
			path = "Calculator WatchKit App";
			sourceTree = "<group>";
		};
		034D7FD02287D678001BB103 /* Calculator WatchKit Extension */ = {
			isa = PBXGroup;
			children = (
				034D7FE72287E960001BB103 /* Common */,
				034D7FD12287D678001BB103 /* NumberInputInterfaceController.swift */,
				034D7FEA2287EB6B001BB103 /* BasicFunctionInterfaceController.swift */,
				034D7FEC2287EC0D001BB103 /* TrigFunctionsInterfaceController.swift */,
				034D7FD32287D678001BB103 /* ExtensionDelegate.swift */,
				034D7FD52287D678001BB103 /* ComplicationController.swift */,
				034D7FD72287D679001BB103 /* Assets.xcassets */,
				034D7FD92287D679001BB103 /* Info.plist */,
			);
			path = "Calculator WatchKit Extension";
			sourceTree = "<group>";
		};
		034D7FE72287E960001BB103 /* Common */ = {
			isa = PBXGroup;
			children = (
				034D7FE82287E982001BB103 /* Announcements.swift */,
				034D7FEE2287EC9B001BB103 /* Functions.swift */,
			);
			path = Common;
			sourceTree = "<group>";
		};
/* End PBXGroup section */

/* Begin PBXNativeTarget section */
		034D7FAA2287D675001BB103 /* Calculator */ = {
			isa = PBXNativeTarget;
			buildConfigurationList = 034D7FE42287D679001BB103 /* Build configuration list for PBXNativeTarget "Calculator" */;
			buildPhases = (
				034D7FA72287D675001BB103 /* Sources */,
				034D7FA82287D675001BB103 /* Frameworks */,
				034D7FA92287D675001BB103 /* Resources */,
				034D7FE32287D679001BB103 /* Embed Watch Content */,
			);
			buildRules = (
			);
			dependencies = (
				034D7FC02287D677001BB103 /* PBXTargetDependency */,
			);
			name = Calculator;
			productName = Calculator;
			productReference = 034D7FAB2287D675001BB103 /* Calculator.app */;
			productType = "com.apple.product-type.application";
		};
		034D7FBC2287D677001BB103 /* Calculator WatchKit App */ = {
			isa = PBXNativeTarget;
			buildConfigurationList = 034D7FE02287D679001BB103 /* Build configuration list for PBXNativeTarget "Calculator WatchKit App" */;
			buildPhases = (
				034D7FBB2287D677001BB103 /* Resources */,
				034D7FDF2287D679001BB103 /* Embed App Extensions */,
			);
			buildRules = (
			);
			dependencies = (
				034D7FCF2287D678001BB103 /* PBXTargetDependency */,
			);
			name = "Calculator WatchKit App";
			productName = "Calculator WatchKit App";
			productReference = 034D7FBD2287D677001BB103 /* Calculator WatchKit App.app */;
			productType = "com.apple.product-type.application.watchapp2";
		};
		034D7FCB2287D678001BB103 /* Calculator WatchKit Extension */ = {
			isa = PBXNativeTarget;
			buildConfigurationList = 034D7FDC2287D679001BB103 /* Build configuration list for PBXNativeTarget "Calculator WatchKit Extension" */;
			buildPhases = (
				034D7FC82287D678001BB103 /* Sources */,
				034D7FC92287D678001BB103 /* Frameworks */,
				034D7FCA2287D678001BB103 /* Resources */,
			);
			buildRules = (
			);
			dependencies = (
			);
			name = "Calculator WatchKit Extension";
			productName = "Calculator WatchKit Extension";
			productReference = 034D7FCC2287D678001BB103 /* Calculator WatchKit Extension.appex */;
			productType = "com.apple.product-type.watchkit2-extension";
		};
/* End PBXNativeTarget section */

/* Begin PBXProject section */
		034D7FA32287D675001BB103 /* Project object */ = {
			isa = PBXProject;
			attributes = {
				LastSwiftUpdateCheck = 1020;
				LastUpgradeCheck = 1020;
				ORGANIZATIONNAME = "LemurWare LLC";
				TargetAttributes = {
					034D7FAA2287D675001BB103 = {
						CreatedOnToolsVersion = 10.2.1;
					};
					034D7FBC2287D677001BB103 = {
						CreatedOnToolsVersion = 10.2.1;
					};
					034D7FCB2287D678001BB103 = {
						CreatedOnToolsVersion = 10.2.1;
					};
				};
			};
			buildConfigurationList = 034D7FA62287D675001BB103 /* Build configuration list for PBXProject "Calculator" */;
			compatibilityVersion = "Xcode 9.3";
			developmentRegion = en;
			hasScannedForEncodings = 0;
			knownRegions = (
				en,
				Base,
			);
			mainGroup = 034D7FA22287D675001BB103;
			productRefGroup = 034D7FAC2287D675001BB103 /* Products */;
			projectDirPath = "";
			projectRoot = "";
			targets = (
				034D7FAA2287D675001BB103 /* Calculator */,
				034D7FBC2287D677001BB103 /* Calculator WatchKit App */,
				034D7FCB2287D678001BB103 /* Calculator WatchKit Extension */,
			);
		};
/* End PBXProject section */

/* Begin PBXResourcesBuildPhase section */
		034D7FA92287D675001BB103 /* Resources */ = {
			isa = PBXResourcesBuildPhase;
			buildActionMask = 2147483647;
			files = (
				034D7FB92287D677001BB103 /* LaunchScreen.storyboard in Resources */,
				034D7FB62287D677001BB103 /* Assets.xcassets in Resources */,
				034D7FB42287D675001BB103 /* Main.storyboard in Resources */,
			);
			runOnlyForDeploymentPostprocessing = 0;
		};
		034D7FBB2287D677001BB103 /* Resources */ = {
			isa = PBXResourcesBuildPhase;
			buildActionMask = 2147483647;
			files = (
				034D7FC62287D678001BB103 /* Assets.xcassets in Resources */,
				034D7FC42287D677001BB103 /* Interface.storyboard in Resources */,
			);
			runOnlyForDeploymentPostprocessing = 0;
		};
		034D7FCA2287D678001BB103 /* Resources */ = {
			isa = PBXResourcesBuildPhase;
			buildActionMask = 2147483647;
			files = (
				034D7FD82287D679001BB103 /* Assets.xcassets in Resources */,
			);
			runOnlyForDeploymentPostprocessing = 0;
		};
/* End PBXResourcesBuildPhase section */

/* Begin PBXSourcesBuildPhase section */
		034D7FA72287D675001BB103 /* Sources */ = {
			isa = PBXSourcesBuildPhase;
			buildActionMask = 2147483647;
			files = (
				034D7FB12287D675001BB103 /* ViewController.swift in Sources */,
				034D7FAF2287D675001BB103 /* AppDelegate.swift in Sources */,
			);
			runOnlyForDeploymentPostprocessing = 0;
		};
		034D7FC82287D678001BB103 /* Sources */ = {
			isa = PBXSourcesBuildPhase;
			buildActionMask = 2147483647;
			files = (
				034D7FE92287E982001BB103 /* Announcements.swift in Sources */,
				034D7FED2287EC0D001BB103 /* TrigFunctionsInterfaceController.swift in Sources */,
				034D7FD42287D678001BB103 /* ExtensionDelegate.swift in Sources */,
				034D7FEF2287EC9B001BB103 /* Functions.swift in Sources */,
				034D7FEB2287EB6B001BB103 /* BasicFunctionInterfaceController.swift in Sources */,
				034D7FD22287D678001BB103 /* NumberInputInterfaceController.swift in Sources */,
				034D7FD62287D678001BB103 /* ComplicationController.swift in Sources */,
			);
			runOnlyForDeploymentPostprocessing = 0;
		};
/* End PBXSourcesBuildPhase section */

/* Begin PBXTargetDependency section */
		034D7FC02287D677001BB103 /* PBXTargetDependency */ = {
			isa = PBXTargetDependency;
			target = 034D7FBC2287D677001BB103 /* Calculator WatchKit App */;
			targetProxy = 034D7FBF2287D677001BB103 /* PBXContainerItemProxy */;
		};
		034D7FCF2287D678001BB103 /* PBXTargetDependency */ = {
			isa = PBXTargetDependency;
			target = 034D7FCB2287D678001BB103 /* Calculator WatchKit Extension */;
			targetProxy = 034D7FCE2287D678001BB103 /* PBXContainerItemProxy */;
		};
/* End PBXTargetDependency section */

/* Begin PBXVariantGroup section */
		034D7FB22287D675001BB103 /* Main.storyboard */ = {
			isa = PBXVariantGroup;
			children = (
				034D7FB32287D675001BB103 /* Base */,
			);
			name = Main.storyboard;
			sourceTree = "<group>";
		};
		034D7FB72287D677001BB103 /* LaunchScreen.storyboard */ = {
			isa = PBXVariantGroup;
			children = (
				034D7FB82287D677001BB103 /* Base */,
			);
			name = LaunchScreen.storyboard;
			sourceTree = "<group>";
		};
		034D7FC22287D677001BB103 /* Interface.storyboard */ = {
			isa = PBXVariantGroup;
			children = (
				034D7FC32287D677001BB103 /* Base */,
			);
			name = Interface.storyboard;
			sourceTree = "<group>";
		};
/* End PBXVariantGroup section */

/* Begin XCBuildConfiguration section */
		034D7FDA2287D679001BB103 /* Debug */ = {
			isa = XCBuildConfiguration;
			buildSettings = {
				ALWAYS_SEARCH_USER_PATHS = NO;
				CLANG_ANALYZER_NONNULL = YES;
				CLANG_ANALYZER_NUMBER_OBJECT_CONVERSION = YES_AGGRESSIVE;
				CLANG_CXX_LANGUAGE_STANDARD = "gnu++14";
				CLANG_CXX_LIBRARY = "libc++";
				CLANG_ENABLE_MODULES = YES;
				CLANG_ENABLE_OBJC_ARC = YES;
				CLANG_ENABLE_OBJC_WEAK = YES;
				CLANG_WARN_BLOCK_CAPTURE_AUTORELEASING = YES;
				CLANG_WARN_BOOL_CONVERSION = YES;
				CLANG_WARN_COMMA = YES;
				CLANG_WARN_CONSTANT_CONVERSION = YES;
				CLANG_WARN_DEPRECATED_OBJC_IMPLEMENTATIONS = YES;
				CLANG_WARN_DIRECT_OBJC_ISA_USAGE = YES_ERROR;
				CLANG_WARN_DOCUMENTATION_COMMENTS = YES;
				CLANG_WARN_EMPTY_BODY = YES;
				CLANG_WARN_ENUM_CONVERSION = YES;
				CLANG_WARN_INFINITE_RECURSION = YES;
				CLANG_WARN_INT_CONVERSION = YES;
				CLANG_WARN_NON_LITERAL_NULL_CONVERSION = YES;
				CLANG_WARN_OBJC_IMPLICIT_RETAIN_SELF = YES;
				CLANG_WARN_OBJC_LITERAL_CONVERSION = YES;
				CLANG_WARN_OBJC_ROOT_CLASS = YES_ERROR;
				CLANG_WARN_RANGE_LOOP_ANALYSIS = YES;
				CLANG_WARN_STRICT_PROTOTYPES = YES;
				CLANG_WARN_SUSPICIOUS_MOVE = YES;
				CLANG_WARN_UNGUARDED_AVAILABILITY = YES_AGGRESSIVE;
				CLANG_WARN_UNREACHABLE_CODE = YES;
				CLANG_WARN__DUPLICATE_METHOD_MATCH = YES;
				CODE_SIGN_IDENTITY = "iPhone Developer";
				COPY_PHASE_STRIP = NO;
				DEBUG_INFORMATION_FORMAT = dwarf;
				ENABLE_STRICT_OBJC_MSGSEND = YES;
				ENABLE_TESTABILITY = YES;
				GCC_C_LANGUAGE_STANDARD = gnu11;
				GCC_DYNAMIC_NO_PIC = NO;
				GCC_NO_COMMON_BLOCKS = YES;
				GCC_OPTIMIZATION_LEVEL = 0;
				GCC_PREPROCESSOR_DEFINITIONS = (
					"DEBUG=1",
					"$(inherited)",
				);
				GCC_WARN_64_TO_32_BIT_CONVERSION = YES;
				GCC_WARN_ABOUT_RETURN_TYPE = YES_ERROR;
				GCC_WARN_UNDECLARED_SELECTOR = YES;
				GCC_WARN_UNINITIALIZED_AUTOS = YES_AGGRESSIVE;
				GCC_WARN_UNUSED_FUNCTION = YES;
				GCC_WARN_UNUSED_VARIABLE = YES;
				IPHONEOS_DEPLOYMENT_TARGET = 12.2;
				MTL_ENABLE_DEBUG_INFO = INCLUDE_SOURCE;
				MTL_FAST_MATH = YES;
				ONLY_ACTIVE_ARCH = YES;
				SDKROOT = iphoneos;
				SWIFT_ACTIVE_COMPILATION_CONDITIONS = DEBUG;
				SWIFT_OPTIMIZATION_LEVEL = "-Onone";
			};
			name = Debug;
		};
		034D7FDB2287D679001BB103 /* Release */ = {
			isa = XCBuildConfiguration;
			buildSettings = {
				ALWAYS_SEARCH_USER_PATHS = NO;
				CLANG_ANALYZER_NONNULL = YES;
				CLANG_ANALYZER_NUMBER_OBJECT_CONVERSION = YES_AGGRESSIVE;
				CLANG_CXX_LANGUAGE_STANDARD = "gnu++14";
				CLANG_CXX_LIBRARY = "libc++";
				CLANG_ENABLE_MODULES = YES;
				CLANG_ENABLE_OBJC_ARC = YES;
				CLANG_ENABLE_OBJC_WEAK = YES;
				CLANG_WARN_BLOCK_CAPTURE_AUTORELEASING = YES;
				CLANG_WARN_BOOL_CONVERSION = YES;
				CLANG_WARN_COMMA = YES;
				CLANG_WARN_CONSTANT_CONVERSION = YES;
				CLANG_WARN_DEPRECATED_OBJC_IMPLEMENTATIONS = YES;
				CLANG_WARN_DIRECT_OBJC_ISA_USAGE = YES_ERROR;
				CLANG_WARN_DOCUMENTATION_COMMENTS = YES;
				CLANG_WARN_EMPTY_BODY = YES;
				CLANG_WARN_ENUM_CONVERSION = YES;
				CLANG_WARN_INFINITE_RECURSION = YES;
				CLANG_WARN_INT_CONVERSION = YES;
				CLANG_WARN_NON_LITERAL_NULL_CONVERSION = YES;
				CLANG_WARN_OBJC_IMPLICIT_RETAIN_SELF = YES;
				CLANG_WARN_OBJC_LITERAL_CONVERSION = YES;
				CLANG_WARN_OBJC_ROOT_CLASS = YES_ERROR;
				CLANG_WARN_RANGE_LOOP_ANALYSIS = YES;
				CLANG_WARN_STRICT_PROTOTYPES = YES;
				CLANG_WARN_SUSPICIOUS_MOVE = YES;
				CLANG_WARN_UNGUARDED_AVAILABILITY = YES_AGGRESSIVE;
				CLANG_WARN_UNREACHABLE_CODE = YES;
				CLANG_WARN__DUPLICATE_METHOD_MATCH = YES;
				CODE_SIGN_IDENTITY = "iPhone Developer";
				COPY_PHASE_STRIP = NO;
				DEBUG_INFORMATION_FORMAT = "dwarf-with-dsym";
				ENABLE_NS_ASSERTIONS = NO;
				ENABLE_STRICT_OBJC_MSGSEND = YES;
				GCC_C_LANGUAGE_STANDARD = gnu11;
				GCC_NO_COMMON_BLOCKS = YES;
				GCC_WARN_64_TO_32_BIT_CONVERSION = YES;
				GCC_WARN_ABOUT_RETURN_TYPE = YES_ERROR;
				GCC_WARN_UNDECLARED_SELECTOR = YES;
				GCC_WARN_UNINITIALIZED_AUTOS = YES_AGGRESSIVE;
				GCC_WARN_UNUSED_FUNCTION = YES;
				GCC_WARN_UNUSED_VARIABLE = YES;
				IPHONEOS_DEPLOYMENT_TARGET = 12.2;
				MTL_ENABLE_DEBUG_INFO = NO;
				MTL_FAST_MATH = YES;
				SDKROOT = iphoneos;
				SWIFT_COMPILATION_MODE = wholemodule;
				SWIFT_OPTIMIZATION_LEVEL = "-O";
				VALIDATE_PRODUCT = YES;
			};
			name = Release;
		};
		034D7FDD2287D679001BB103 /* Debug */ = {
			isa = XCBuildConfiguration;
			buildSettings = {
				ASSETCATALOG_COMPILER_COMPLICATION_NAME = Complication;
				CODE_SIGN_STYLE = Automatic;
				DEVELOPMENT_TEAM = 5X2TWJNH44;
				INFOPLIST_FILE = "Calculator WatchKit Extension/Info.plist";
				LD_RUNPATH_SEARCH_PATHS = (
					"$(inherited)",
					"@executable_path/Frameworks",
					"@executable_path/../../Frameworks",
				);
				PRODUCT_BUNDLE_IDENTIFIER = tech.lemurware.Calculator.watchkitapp.watchkitextension;
				PRODUCT_NAME = "${TARGET_NAME}";
				SDKROOT = watchos;
				SKIP_INSTALL = YES;
				SWIFT_VERSION = 5.0;
				TARGETED_DEVICE_FAMILY = 4;
				WATCHOS_DEPLOYMENT_TARGET = 5.2;
			};
			name = Debug;
		};
		034D7FDE2287D679001BB103 /* Release */ = {
			isa = XCBuildConfiguration;
			buildSettings = {
				ASSETCATALOG_COMPILER_COMPLICATION_NAME = Complication;
				CODE_SIGN_STYLE = Automatic;
				DEVELOPMENT_TEAM = 5X2TWJNH44;
				INFOPLIST_FILE = "Calculator WatchKit Extension/Info.plist";
				LD_RUNPATH_SEARCH_PATHS = (
					"$(inherited)",
					"@executable_path/Frameworks",
					"@executable_path/../../Frameworks",
				);
				PRODUCT_BUNDLE_IDENTIFIER = tech.lemurware.Calculator.watchkitapp.watchkitextension;
				PRODUCT_NAME = "${TARGET_NAME}";
				SDKROOT = watchos;
				SKIP_INSTALL = YES;
				SWIFT_VERSION = 5.0;
				TARGETED_DEVICE_FAMILY = 4;
				WATCHOS_DEPLOYMENT_TARGET = 5.2;
			};
			name = Release;
		};
		034D7FE12287D679001BB103 /* Debug */ = {
			isa = XCBuildConfiguration;
			buildSettings = {
				ALWAYS_EMBED_SWIFT_STANDARD_LIBRARIES = YES;
				ASSETCATALOG_COMPILER_APPICON_NAME = AppIcon;
				CODE_SIGN_STYLE = Automatic;
				DEVELOPMENT_TEAM = 5X2TWJNH44;
				IBSC_MODULE = Calculator_WatchKit_Extension;
				INFOPLIST_FILE = "Calculator WatchKit App/Info.plist";
				PRODUCT_BUNDLE_IDENTIFIER = tech.lemurware.Calculator.watchkitapp;
				PRODUCT_NAME = "$(TARGET_NAME)";
				SDKROOT = watchos;
				SKIP_INSTALL = YES;
				SWIFT_VERSION = 5.0;
				TARGETED_DEVICE_FAMILY = 4;
				WATCHOS_DEPLOYMENT_TARGET = 5.2;
			};
			name = Debug;
		};
		034D7FE22287D679001BB103 /* Release */ = {
			isa = XCBuildConfiguration;
			buildSettings = {
				ALWAYS_EMBED_SWIFT_STANDARD_LIBRARIES = YES;
				ASSETCATALOG_COMPILER_APPICON_NAME = AppIcon;
				CODE_SIGN_STYLE = Automatic;
				DEVELOPMENT_TEAM = 5X2TWJNH44;
				IBSC_MODULE = Calculator_WatchKit_Extension;
				INFOPLIST_FILE = "Calculator WatchKit App/Info.plist";
				PRODUCT_BUNDLE_IDENTIFIER = tech.lemurware.Calculator.watchkitapp;
				PRODUCT_NAME = "$(TARGET_NAME)";
				SDKROOT = watchos;
				SKIP_INSTALL = YES;
				SWIFT_VERSION = 5.0;
				TARGETED_DEVICE_FAMILY = 4;
				WATCHOS_DEPLOYMENT_TARGET = 5.2;
			};
			name = Release;
		};
		034D7FE52287D679001BB103 /* Debug */ = {
			isa = XCBuildConfiguration;
			buildSettings = {
				ASSETCATALOG_COMPILER_APPICON_NAME = AppIcon;
				CODE_SIGN_STYLE = Automatic;
				DEVELOPMENT_TEAM = 5X2TWJNH44;
				INFOPLIST_FILE = Calculator/Info.plist;
				LD_RUNPATH_SEARCH_PATHS = (
					"$(inherited)",
					"@executable_path/Frameworks",
				);
				PRODUCT_BUNDLE_IDENTIFIER = tech.lemurware.Calculator;
				PRODUCT_NAME = "$(TARGET_NAME)";
				SWIFT_VERSION = 5.0;
				TARGETED_DEVICE_FAMILY = "1,2";
			};
			name = Debug;
		};
		034D7FE62287D679001BB103 /* Release */ = {
			isa = XCBuildConfiguration;
			buildSettings = {
				ASSETCATALOG_COMPILER_APPICON_NAME = AppIcon;
				CODE_SIGN_STYLE = Automatic;
				DEVELOPMENT_TEAM = 5X2TWJNH44;
				INFOPLIST_FILE = Calculator/Info.plist;
				LD_RUNPATH_SEARCH_PATHS = (
					"$(inherited)",
					"@executable_path/Frameworks",
				);
				PRODUCT_BUNDLE_IDENTIFIER = tech.lemurware.Calculator;
				PRODUCT_NAME = "$(TARGET_NAME)";
				SWIFT_VERSION = 5.0;
				TARGETED_DEVICE_FAMILY = "1,2";
			};
			name = Release;
		};
/* End XCBuildConfiguration section */

/* Begin XCConfigurationList section */
		034D7FA62287D675001BB103 /* Build configuration list for PBXProject "Calculator" */ = {
			isa = XCConfigurationList;
			buildConfigurations = (
				034D7FDA2287D679001BB103 /* Debug */,
				034D7FDB2287D679001BB103 /* Release */,
			);
			defaultConfigurationIsVisible = 0;
			defaultConfigurationName = Release;
		};
		034D7FDC2287D679001BB103 /* Build configuration list for PBXNativeTarget "Calculator WatchKit Extension" */ = {
			isa = XCConfigurationList;
			buildConfigurations = (
				034D7FDD2287D679001BB103 /* Debug */,
				034D7FDE2287D679001BB103 /* Release */,
			);
			defaultConfigurationIsVisible = 0;
			defaultConfigurationName = Release;
		};
		034D7FE02287D679001BB103 /* Build configuration list for PBXNativeTarget "Calculator WatchKit App" */ = {
			isa = XCConfigurationList;
			buildConfigurations = (
				034D7FE12287D679001BB103 /* Debug */,
				034D7FE22287D679001BB103 /* Release */,
			);
			defaultConfigurationIsVisible = 0;
			defaultConfigurationName = Release;
		};
		034D7FE42287D679001BB103 /* Build configuration list for PBXNativeTarget "Calculator" */ = {
			isa = XCConfigurationList;
			buildConfigurations = (
				034D7FE52287D679001BB103 /* Debug */,
				034D7FE62287D679001BB103 /* Release */,
			);
			defaultConfigurationIsVisible = 0;
			defaultConfigurationName = Release;
		};
/* End XCConfigurationList section */
	};
	rootObject = 034D7FA32287D675001BB103 /* Project object */;
}
